
Microsoft Visual Studio Solution File, Format Version 12.00
# Visual Studio Version 17
VisualStudioVersion = 17.9.34728.123
MinimumVisualStudioVersion = 10.0.40219.1
Project("{FAE04EC0-301F-11D3-BF4B-00C04F79EFBC}") = "TSP_PROJECT", "TSP_PROJECT\TSP_PROJECT.csproj", "{09436573-6854-43E7-97F2-EB147F21DAD5}"
EndProject
Global
	GlobalSection(SolutionConfigurationPlatforms) = preSolution
		Debug|Any CPU = Debug|Any CPU
		Release|Any CPU = Release|Any CPU
	EndGlobalSection
	GlobalSection(ProjectConfigurationPlatforms) = postSolution
		{09436573-6854-43E7-97F2-EB147F21DAD5}.Debug|Any CPU.ActiveCfg = Debug|Any CPU
		{09436573-6854-43E7-97F2-EB147F21DAD5}.Debug|Any CPU.Build.0 = Debug|Any CPU
		{09436573-6854-43E7-97F2-EB147F21DAD5}.Release|Any CPU.ActiveCfg = Release|Any CPU
		{09436573-6854-43E7-97F2-EB147F21DAD5}.Release|Any CPU.Build.0 = Release|Any CPU
	EndGlobalSection
	GlobalSection(SolutionProperties) = preSolution
		HideSolutionNode = FALSE
	EndGlobalSection
	GlobalSection(ExtensibilityGlobals) = postSolution
		SolutionGuid = {37280B9B-E38B-4732-B47C-881283D9103C}
	EndGlobalSection
EndGlobal
